
Microsoft Visual Studio Solution File, Format Version 12.00
# Visual Studio Version 17
VisualStudioVersion = 17.3.32922.545
MinimumVisualStudioVersion = 10.0.40219.1
Project("{FAE04EC0-301F-11D3-BF4B-00C04F79EFBC}") = "UserDiary", "UserDiary\UserDiary.csproj", "{82D782AD-3955-4B53-B547-18617326FBA0}"
EndProject
Global
	GlobalSection(SolutionConfigurationPlatforms) = preSolution
		Debug|Any CPU = Debug|Any CPU
		Release|Any CPU = Release|Any CPU
	EndGlobalSection
	GlobalSection(ProjectConfigurationPlatforms) = postSolution
		{82D782AD-3955-4B53-B547-18617326FBA0}.Debug|Any CPU.ActiveCfg = Debug|Any CPU
		{82D782AD-3955-4B53-B547-18617326FBA0}.Debug|Any CPU.Build.0 = Debug|Any CPU
		{82D782AD-3955-4B53-B547-18617326FBA0}.Release|Any CPU.ActiveCfg = Release|Any CPU
		{82D782AD-3955-4B53-B547-18617326FBA0}.Release|Any CPU.Build.0 = Release|Any CPU
	EndGlobalSection
	GlobalSection(SolutionProperties) = preSolution
		HideSolutionNode = FALSE
	EndGlobalSection
	GlobalSection(ExtensibilityGlobals) = postSolution
		SolutionGuid = {763ED78D-6D07-44BA-9D3F-660C19C67338}
	EndGlobalSection
EndGlobal
